
Microsoft Visual Studio Solution File, Format Version 12.00
# Visual Studio Version 17
VisualStudioVersion = 17.12.35506.116
MinimumVisualStudioVersion = 10.0.40219.1
Project("{FAE04EC0-301F-11D3-BF4B-00C04F79EFBC}") = "Day1", "Day1\Day1.csproj", "{FFD175AC-A6F1-4757-9DF1-3FDBBA4AFB93}"
EndProject
Project("{FAE04EC0-301F-11D3-BF4B-00C04F79EFBC}") = "Day2", "Day2\Day2.csproj", "{70788819-153C-4B67-BABF-CA4DAFC85C83}"
EndProject
Project("{FAE04EC0-301F-11D3-BF4B-00C04F79EFBC}") = "Day3", "Day3\Day3.csproj", "{91414812-2C90-4E56-B326-D5BB46F3CAA4}"
EndProject
Project("{FAE04EC0-301F-11D3-BF4B-00C04F79EFBC}") = "Day4", "Day4\Day4.csproj", "{2304CF2A-093C-4813-B52B-04D0765C5162}"
EndProject
Project("{FAE04EC0-301F-11D3-BF4B-00C04F79EFBC}") = "Day5", "Day5\Day5.csproj", "{2420175A-2D42-409A-99CD-416DA3C2EE66}"
EndProject
Project("{FAE04EC0-301F-11D3-BF4B-00C04F79EFBC}") = "Day6", "Day6\Day6.csproj", "{FD7ECDF9-155F-4132-A727-0B7D545A3B40}"
EndProject
Project("{FAE04EC0-301F-11D3-BF4B-00C04F79EFBC}") = "Day7", "Day7\Day7.csproj", "{5003C096-33E5-4576-889D-C8EA97137B26}"
EndProject
Project("{FAE04EC0-301F-11D3-BF4B-00C04F79EFBC}") = "Day9", "Day9\Day9.csproj", "{72E46798-01AC-4006-B921-402ACC6EC3AB}"
EndProject
Global
	GlobalSection(SolutionConfigurationPlatforms) = preSolution
		Debug|Any CPU = Debug|Any CPU
		Release|Any CPU = Release|Any CPU
	EndGlobalSection
	GlobalSection(ProjectConfigurationPlatforms) = postSolution
		{FFD175AC-A6F1-4757-9DF1-3FDBBA4AFB93}.Debug|Any CPU.ActiveCfg = Debug|Any CPU
		{FFD175AC-A6F1-4757-9DF1-3FDBBA4AFB93}.Debug|Any CPU.Build.0 = Debug|Any CPU
		{FFD175AC-A6F1-4757-9DF1-3FDBBA4AFB93}.Release|Any CPU.ActiveCfg = Release|Any CPU
		{FFD175AC-A6F1-4757-9DF1-3FDBBA4AFB93}.Release|Any CPU.Build.0 = Release|Any CPU
		{70788819-153C-4B67-BABF-CA4DAFC85C83}.Debug|Any CPU.ActiveCfg = Debug|Any CPU
		{70788819-153C-4B67-BABF-CA4DAFC85C83}.Debug|Any CPU.Build.0 = Debug|Any CPU
		{70788819-153C-4B67-BABF-CA4DAFC85C83}.Release|Any CPU.ActiveCfg = Release|Any CPU
		{70788819-153C-4B67-BABF-CA4DAFC85C83}.Release|Any CPU.Build.0 = Release|Any CPU
		{91414812-2C90-4E56-B326-D5BB46F3CAA4}.Debug|Any CPU.ActiveCfg = Debug|Any CPU
		{91414812-2C90-4E56-B326-D5BB46F3CAA4}.Debug|Any CPU.Build.0 = Debug|Any CPU
		{91414812-2C90-4E56-B326-D5BB46F3CAA4}.Release|Any CPU.ActiveCfg = Release|Any CPU
		{91414812-2C90-4E56-B326-D5BB46F3CAA4}.Release|Any CPU.Build.0 = Release|Any CPU
		{2304CF2A-093C-4813-B52B-04D0765C5162}.Debug|Any CPU.ActiveCfg = Debug|Any CPU
		{2304CF2A-093C-4813-B52B-04D0765C5162}.Debug|Any CPU.Build.0 = Debug|Any CPU
		{2304CF2A-093C-4813-B52B-04D0765C5162}.Release|Any CPU.ActiveCfg = Release|Any CPU
		{2304CF2A-093C-4813-B52B-04D0765C5162}.Release|Any CPU.Build.0 = Release|Any CPU
		{2420175A-2D42-409A-99CD-416DA3C2EE66}.Debug|Any CPU.ActiveCfg = Debug|Any CPU
		{2420175A-2D42-409A-99CD-416DA3C2EE66}.Debug|Any CPU.Build.0 = Debug|Any CPU
		{2420175A-2D42-409A-99CD-416DA3C2EE66}.Release|Any CPU.ActiveCfg = Release|Any CPU
		{2420175A-2D42-409A-99CD-416DA3C2EE66}.Release|Any CPU.Build.0 = Release|Any CPU
		{FD7ECDF9-155F-4132-A727-0B7D545A3B40}.Debug|Any CPU.ActiveCfg = Debug|Any CPU
		{FD7ECDF9-155F-4132-A727-0B7D545A3B40}.Debug|Any CPU.Build.0 = Debug|Any CPU
		{FD7ECDF9-155F-4132-A727-0B7D545A3B40}.Release|Any CPU.ActiveCfg = Release|Any CPU
		{FD7ECDF9-155F-4132-A727-0B7D545A3B40}.Release|Any CPU.Build.0 = Release|Any CPU
		{5003C096-33E5-4576-889D-C8EA97137B26}.Debug|Any CPU.ActiveCfg = Debug|Any CPU
		{5003C096-33E5-4576-889D-C8EA97137B26}.Debug|Any CPU.Build.0 = Debug|Any CPU
		{5003C096-33E5-4576-889D-C8EA97137B26}.Release|Any CPU.ActiveCfg = Release|Any CPU
		{5003C096-33E5-4576-889D-C8EA97137B26}.Release|Any CPU.Build.0 = Release|Any CPU
		{72E46798-01AC-4006-B921-402ACC6EC3AB}.Debug|Any CPU.ActiveCfg = Debug|Any CPU
		{72E46798-01AC-4006-B921-402ACC6EC3AB}.Debug|Any CPU.Build.0 = Debug|Any CPU
		{72E46798-01AC-4006-B921-402ACC6EC3AB}.Release|Any CPU.ActiveCfg = Release|Any CPU
		{72E46798-01AC-4006-B921-402ACC6EC3AB}.Release|Any CPU.Build.0 = Release|Any CPU
	EndGlobalSection
	GlobalSection(SolutionProperties) = preSolution
		HideSolutionNode = FALSE
	EndGlobalSection
EndGlobal
